
Microsoft Visual Studio Solution File, Format Version 12.00
# Visual Studio Version 16
VisualStudioVersion = 16.0.31424.327
MinimumVisualStudioVersion = 10.0.40219.1
Project("{2150E333-8FDC-42A3-9474-1A3956D46DE8}") = "1.Web.API", "1.Web.API", "{BFD288B0-524C-4D80-A3B5-D8C8E8B594AF}"
EndProject
Project("{2150E333-8FDC-42A3-9474-1A3956D46DE8}") = "2.Business", "2.Business", "{84651569-3CC9-4F4D-90F4-5E66134295B3}"
EndProject
Project("{2150E333-8FDC-42A3-9474-1A3956D46DE8}") = "3.Repositories", "3.Repositories", "{73CF40E1-55E7-4AB9-98E5-4988530E5DE3}"
EndProject
Project("{2150E333-8FDC-42A3-9474-1A3956D46DE8}") = "4.Infrastructure", "4.Infrastructure", "{B00DD69B-B27B-4327-8E18-23CE878C3CB5}"
EndProject
Project("{2150E333-8FDC-42A3-9474-1A3956D46DE8}") = "5.Domain", "5.Domain", "{7E8DB9B1-32A4-43AA-ABE5-1BF9460D7B9C}"
EndProject
Project("{9A19103F-16F7-4668-BE54-9A1E7A4F7556}") = "IPStack.Domain", "IPStack.Domain\IPStack.Domain.csproj", "{4EE12461-49B3-4482-9BD7-21E36416893B}"
EndProject
Project("{9A19103F-16F7-4668-BE54-9A1E7A4F7556}") = "IPStack.Adapter", "IPStack.Provider\IPStack.Adapter.csproj", "{10C373D3-C729-40C0-81FF-49FCA7EC7359}"
EndProject
Project("{9A19103F-16F7-4668-BE54-9A1E7A4F7556}") = "IPStack.WebApi", "IPStack.WebApi\IPStack.WebApi.csproj", "{D1EE424D-B5A6-4AA3-976B-AE40112D797E}"
EndProject
Project("{9A19103F-16F7-4668-BE54-9A1E7A4F7556}") = "IPStack.Repositories", "IPStack.Repositories\IPStack.Repositories.csproj", "{F68DCC95-DA7C-4374-B664-4682F8C730C5}"
EndProject
Project("{9A19103F-16F7-4668-BE54-9A1E7A4F7556}") = "IPStack.UoW", "IPStack.UoW\IPStack.UoW.csproj", "{7860FC00-9209-4FE8-A58A-ED3A04422A64}"
EndProject
Project("{9A19103F-16F7-4668-BE54-9A1E7A4F7556}") = "IPStack.Business", "IPStack.Business\IPStack.Business.csproj", "{BB8C9E24-9AB7-44A9-9C5A-467B6999CC8F}"
EndProject
Project("{9A19103F-16F7-4668-BE54-9A1E7A4F7556}") = "IPStack.WorkerService", "IPStack.WorkerService\IPStack.WorkerService.csproj", "{4D1061B1-1494-4A8A-9255-9F06D2BF5A6F}"
EndProject
Project("{2150E333-8FDC-42A3-9474-1A3956D46DE8}") = "6.SolutionItems", "6.SolutionItems", "{19677DF4-7A83-48DD-9649-AEEE9A4B42B0}"
	ProjectSection(SolutionItems) = preProject
		IPAddresses.json = IPAddresses.json
	EndProjectSection
EndProject
Global
	GlobalSection(SolutionConfigurationPlatforms) = preSolution
		Debug|Any CPU = Debug|Any CPU
		Release|Any CPU = Release|Any CPU
	EndGlobalSection
	GlobalSection(ProjectConfigurationPlatforms) = postSolution
		{4EE12461-49B3-4482-9BD7-21E36416893B}.Debug|Any CPU.ActiveCfg = Debug|Any CPU
		{4EE12461-49B3-4482-9BD7-21E36416893B}.Debug|Any CPU.Build.0 = Debug|Any CPU
		{4EE12461-49B3-4482-9BD7-21E36416893B}.Release|Any CPU.ActiveCfg = Release|Any CPU
		{4EE12461-49B3-4482-9BD7-21E36416893B}.Release|Any CPU.Build.0 = Release|Any CPU
		{10C373D3-C729-40C0-81FF-49FCA7EC7359}.Debug|Any CPU.ActiveCfg = Debug|Any CPU
		{10C373D3-C729-40C0-81FF-49FCA7EC7359}.Debug|Any CPU.Build.0 = Debug|Any CPU
		{10C373D3-C729-40C0-81FF-49FCA7EC7359}.Release|Any CPU.ActiveCfg = Release|Any CPU
		{10C373D3-C729-40C0-81FF-49FCA7EC7359}.Release|Any CPU.Build.0 = Release|Any CPU
		{D1EE424D-B5A6-4AA3-976B-AE40112D797E}.Debug|Any CPU.ActiveCfg = Debug|Any CPU
		{D1EE424D-B5A6-4AA3-976B-AE40112D797E}.Debug|Any CPU.Build.0 = Debug|Any CPU
		{D1EE424D-B5A6-4AA3-976B-AE40112D797E}.Release|Any CPU.ActiveCfg = Release|Any CPU
		{D1EE424D-B5A6-4AA3-976B-AE40112D797E}.Release|Any CPU.Build.0 = Release|Any CPU
		{F68DCC95-DA7C-4374-B664-4682F8C730C5}.Debug|Any CPU.ActiveCfg = Debug|Any CPU
		{F68DCC95-DA7C-4374-B664-4682F8C730C5}.Debug|Any CPU.Build.0 = Debug|Any CPU
		{F68DCC95-DA7C-4374-B664-4682F8C730C5}.Release|Any CPU.ActiveCfg = Release|Any CPU
		{F68DCC95-DA7C-4374-B664-4682F8C730C5}.Release|Any CPU.Build.0 = Release|Any CPU
		{7860FC00-9209-4FE8-A58A-ED3A04422A64}.Debug|Any CPU.ActiveCfg = Debug|Any CPU
		{7860FC00-9209-4FE8-A58A-ED3A04422A64}.Debug|Any CPU.Build.0 = Debug|Any CPU
		{7860FC00-9209-4FE8-A58A-ED3A04422A64}.Release|Any CPU.ActiveCfg = Release|Any CPU
		{7860FC00-9209-4FE8-A58A-ED3A04422A64}.Release|Any CPU.Build.0 = Release|Any CPU
		{BB8C9E24-9AB7-44A9-9C5A-467B6999CC8F}.Debug|Any CPU.ActiveCfg = Debug|Any CPU
		{BB8C9E24-9AB7-44A9-9C5A-467B6999CC8F}.Debug|Any CPU.Build.0 = Debug|Any CPU
		{BB8C9E24-9AB7-44A9-9C5A-467B6999CC8F}.Release|Any CPU.ActiveCfg = Release|Any CPU
		{BB8C9E24-9AB7-44A9-9C5A-467B6999CC8F}.Release|Any CPU.Build.0 = Release|Any CPU
		{4D1061B1-1494-4A8A-9255-9F06D2BF5A6F}.Debug|Any CPU.ActiveCfg = Debug|Any CPU
		{4D1061B1-1494-4A8A-9255-9F06D2BF5A6F}.Debug|Any CPU.Build.0 = Debug|Any CPU
		{4D1061B1-1494-4A8A-9255-9F06D2BF5A6F}.Release|Any CPU.ActiveCfg = Release|Any CPU
		{4D1061B1-1494-4A8A-9255-9F06D2BF5A6F}.Release|Any CPU.Build.0 = Release|Any CPU
	EndGlobalSection
	GlobalSection(SolutionProperties) = preSolution
		HideSolutionNode = FALSE
	EndGlobalSection
	GlobalSection(NestedProjects) = preSolution
		{4EE12461-49B3-4482-9BD7-21E36416893B} = {7E8DB9B1-32A4-43AA-ABE5-1BF9460D7B9C}
		{10C373D3-C729-40C0-81FF-49FCA7EC7359} = {B00DD69B-B27B-4327-8E18-23CE878C3CB5}
		{D1EE424D-B5A6-4AA3-976B-AE40112D797E} = {BFD288B0-524C-4D80-A3B5-D8C8E8B594AF}
		{F68DCC95-DA7C-4374-B664-4682F8C730C5} = {73CF40E1-55E7-4AB9-98E5-4988530E5DE3}
		{7860FC00-9209-4FE8-A58A-ED3A04422A64} = {84651569-3CC9-4F4D-90F4-5E66134295B3}
		{BB8C9E24-9AB7-44A9-9C5A-467B6999CC8F} = {84651569-3CC9-4F4D-90F4-5E66134295B3}
		{4D1061B1-1494-4A8A-9255-9F06D2BF5A6F} = {BFD288B0-524C-4D80-A3B5-D8C8E8B594AF}
	EndGlobalSection
	GlobalSection(ExtensibilityGlobals) = postSolution
		SolutionGuid = {00E5D5AF-CDDC-4DD0-8094-D47108575898}
	EndGlobalSection
EndGlobal
